github.com/deta/deta-go v1.1.0 h1:5MAjiu13xh+xwPWPlOnHHPyyP16i5HzPWhxflxh3aTU=
github.com/deta/deta-go v1.1.0/go.mod h1:vbQaUT8iD6xREm816eNp7Nw1aewd95dpcb/uj0T2vuY=
github.com/go-telegram/bot v0.8.3 h1:KSqFixkTyUTZgnlK1NlbbbhTPIEYRpDLXWEpkxxK28Q=
github.com/go-telegram/bot v0.8.3/go.mod h1:i2TRs7fXWIeaceF3z7KzsMt/he0TwkVC680mvdTFYeM=
